
Microsoft Visual Studio Solution File, Format Version 12.00
# Visual Studio Version 17
VisualStudioVersion = 17.11.35303.130
MinimumVisualStudioVersion = 10.0.40219.1
Project("{9A19103F-16F7-4668-BE54-9A1E7A4F7556}") = "finaz-app.Server", "finaz-app.Server\finaz-app.Server.csproj", "{24635FA1-D888-4410-88AD-C9B64DDB0252}"
EndProject
Project("{54A90642-561A-4BB1-A94E-469ADEE60C69}") = "finaz-app.client", "finaz-app.client\finaz-app.client.esproj", "{63E93D40-A132-4DF8-B550-19440D162BFB}"
EndProject
Project("{FAE04EC0-301F-11D3-BF4B-00C04F79EFBC}") = "finaz-app.Tests", "finaz-app.Tests\finaz-app.Tests.csproj", "{5DA45C36-2F8E-422D-B9A8-F368752AAC39}"
EndProject
Global
	GlobalSection(SolutionConfigurationPlatforms) = preSolution
		Debug|Any CPU = Debug|Any CPU
		Release|Any CPU = Release|Any CPU
	EndGlobalSection
	GlobalSection(ProjectConfigurationPlatforms) = postSolution
		{24635FA1-D888-4410-88AD-C9B64DDB0252}.Debug|Any CPU.ActiveCfg = Debug|Any CPU
		{24635FA1-D888-4410-88AD-C9B64DDB0252}.Debug|Any CPU.Build.0 = Debug|Any CPU
		{24635FA1-D888-4410-88AD-C9B64DDB0252}.Release|Any CPU.ActiveCfg = Release|Any CPU
		{24635FA1-D888-4410-88AD-C9B64DDB0252}.Release|Any CPU.Build.0 = Release|Any CPU
		{63E93D40-A132-4DF8-B550-19440D162BFB}.Debug|Any CPU.ActiveCfg = Debug|Any CPU
		{63E93D40-A132-4DF8-B550-19440D162BFB}.Debug|Any CPU.Build.0 = Debug|Any CPU
		{63E93D40-A132-4DF8-B550-19440D162BFB}.Debug|Any CPU.Deploy.0 = Debug|Any CPU
		{63E93D40-A132-4DF8-B550-19440D162BFB}.Release|Any CPU.ActiveCfg = Release|Any CPU
		{63E93D40-A132-4DF8-B550-19440D162BFB}.Release|Any CPU.Build.0 = Release|Any CPU
		{63E93D40-A132-4DF8-B550-19440D162BFB}.Release|Any CPU.Deploy.0 = Release|Any CPU
		{5DA45C36-2F8E-422D-B9A8-F368752AAC39}.Debug|Any CPU.ActiveCfg = Debug|Any CPU
		{5DA45C36-2F8E-422D-B9A8-F368752AAC39}.Debug|Any CPU.Build.0 = Debug|Any CPU
		{5DA45C36-2F8E-422D-B9A8-F368752AAC39}.Release|Any CPU.ActiveCfg = Release|Any CPU
		{5DA45C36-2F8E-422D-B9A8-F368752AAC39}.Release|Any CPU.Build.0 = Release|Any CPU
	EndGlobalSection
	GlobalSection(SolutionProperties) = preSolution
		HideSolutionNode = FALSE
	EndGlobalSection
	GlobalSection(ExtensibilityGlobals) = postSolution
		SolutionGuid = {619567C7-3657-4D27-90F1-CB78BC3055FE}
	EndGlobalSection
EndGlobal
